// !$*UTF8*$!
{
	archiveVersion = 1;
	classes = {
	};
	objectVersion = 50;
	objects = {

/* Begin PBXAggregateTarget section */
		3C5631912137ECB60069FEF4 /* fwSRCFoundation */ = {
			isa = PBXAggregateTarget;
			buildConfigurationList = 3C5631922137ECB60069FEF4 /* Build configuration list for PBXAggregateTarget "fwSRCFoundation" */;
			buildPhases = (
				3C5631952137ECBD0069FEF4 /* ShellScript */,
			);
			dependencies = (
			);
			name = fwSRCFoundation;
			productName = fwSRCFoundation;
		};
/* End PBXAggregateTarget section */

/* Begin PBXBuildFile section */
		3C07D1FA21427C2700088242 /* SRCNetworkWithAF.h in Headers */ = {isa = PBXBuildFile; fileRef = 3C07D1F821427C2700088242 /* SRCNetworkWithAF.h */; settings = {ATTRIBUTES = (Public, ); }; };
		3C07D1FB21427C2700088242 /* SRCNetworkWithAF.m in Sources */ = {isa = PBXBuildFile; fileRef = 3C07D1F921427C2700088242 /* SRCNetworkWithAF.m */; };
		3C07D1FC21427C6F00088242 /* AFHTTPSessionManager.m in Sources */ = {isa = PBXBuildFile; fileRef = 3C07D1F02142795D00088242 /* AFHTTPSessionManager.m */; };
		3C07D1FD21427C6F00088242 /* AFNetworkReachabilityManager.m in Sources */ = {isa = PBXBuildFile; fileRef = 3C07D1F52142795D00088242 /* AFNetworkReachabilityManager.m */; };
		3C07D1FE21427C6F00088242 /* AFSecurityPolicy.m in Sources */ = {isa = PBXBuildFile; fileRef = 3C07D1F62142795D00088242 /* AFSecurityPolicy.m */; };
		3C07D1FF21427C6F00088242 /* AFURLRequestSerialization.m in Sources */ = {isa = PBXBuildFile; fileRef = 3C07D1F32142795D00088242 /* AFURLRequestSerialization.m */; };
		3C07D20021427C6F00088242 /* AFURLResponseSerialization.m in Sources */ = {isa = PBXBuildFile; fileRef = 3C07D1EF2142795D00088242 /* AFURLResponseSerialization.m */; };
		3C07D20121427C6F00088242 /* AFURLSessionManager.m in Sources */ = {isa = PBXBuildFile; fileRef = 3C07D1F22142795D00088242 /* AFURLSessionManager.m */; };
		3C1EC0A6214600FA00815BC1 /* JSONValueTransformer.m in Sources */ = {isa = PBXBuildFile; fileRef = 3C1EC091214600FA00815BC1 /* JSONValueTransformer.m */; };
		3C1EC0A7214600FA00815BC1 /* JSONKeyMapper.h in Headers */ = {isa = PBXBuildFile; fileRef = 3C1EC092214600FA00815BC1 /* JSONKeyMapper.h */; settings = {ATTRIBUTES = (Public, ); }; };
		3C1EC0A8214600FA00815BC1 /* JSONValueTransformer.h in Headers */ = {isa = PBXBuildFile; fileRef = 3C1EC093214600FA00815BC1 /* JSONValueTransformer.h */; settings = {ATTRIBUTES = (Public, ); }; };
		3C1EC0A9214600FA00815BC1 /* JSONKeyMapper.m in Sources */ = {isa = PBXBuildFile; fileRef = 3C1EC094214600FA00815BC1 /* JSONKeyMapper.m */; };
		3C1EC0AA214600FA00815BC1 /* JSONModel.m in Sources */ = {isa = PBXBuildFile; fileRef = 3C1EC097214600FA00815BC1 /* JSONModel.m */; };
		3C1EC0AB214600FA00815BC1 /* JSONModelError.m in Sources */ = {isa = PBXBuildFile; fileRef = 3C1EC098214600FA00815BC1 /* JSONModelError.m */; };
		3C1EC0AC214600FA00815BC1 /* JSONModelClassProperty.h in Headers */ = {isa = PBXBuildFile; fileRef = 3C1EC099214600FA00815BC1 /* JSONModelClassProperty.h */; };
		3C1EC0AD214600FA00815BC1 /* JSONModel.h in Headers */ = {isa = PBXBuildFile; fileRef = 3C1EC09A214600FA00815BC1 /* JSONModel.h */; settings = {ATTRIBUTES = (Public, ); }; };
		3C1EC0AE214600FA00815BC1 /* JSONModelClassProperty.m in Sources */ = {isa = PBXBuildFile; fileRef = 3C1EC09B214600FA00815BC1 /* JSONModelClassProperty.m */; };
		3C1EC0AF214600FA00815BC1 /* JSONModelError.h in Headers */ = {isa = PBXBuildFile; fileRef = 3C1EC09C214600FA00815BC1 /* JSONModelError.h */; settings = {ATTRIBUTES = (Public, ); }; };
		3C1EC0B0214600FA00815BC1 /* Info.plist in Resources */ = {isa = PBXBuildFile; fileRef = 3C1EC09D214600FA00815BC1 /* Info.plist */; };
		3C1EC0B1214600FA00815BC1 /* JSONModelLib.h in Headers */ = {isa = PBXBuildFile; fileRef = 3C1EC09E214600FA00815BC1 /* JSONModelLib.h */; };
		3C1EC0B2214600FA00815BC1 /* JSONHTTPClient.m in Sources */ = {isa = PBXBuildFile; fileRef = 3C1EC0A0214600FA00815BC1 /* JSONHTTPClient.m */; };
		3C1EC0B3214600FA00815BC1 /* JSONAPI.m in Sources */ = {isa = PBXBuildFile; fileRef = 3C1EC0A1214600FA00815BC1 /* JSONAPI.m */; };
		3C1EC0B4214600FA00815BC1 /* JSONModel+networking.h in Headers */ = {isa = PBXBuildFile; fileRef = 3C1EC0A2214600FA00815BC1 /* JSONModel+networking.h */; };
		3C1EC0B5214600FA00815BC1 /* JSONHTTPClient.h in Headers */ = {isa = PBXBuildFile; fileRef = 3C1EC0A3214600FA00815BC1 /* JSONHTTPClient.h */; };
		3C1EC0B6214600FA00815BC1 /* JSONAPI.h in Headers */ = {isa = PBXBuildFile; fileRef = 3C1EC0A4214600FA00815BC1 /* JSONAPI.h */; };
		3C1EC0B7214600FA00815BC1 /* JSONModel+networking.m in Sources */ = {isa = PBXBuildFile; fileRef = 3C1EC0A5214600FA00815BC1 /* JSONModel+networking.m */; };
		3C1EC0CD21460E3F00815BC1 /* BaseModel.m in Sources */ = {isa = PBXBuildFile; fileRef = 3C1EC0CB21460E3E00815BC1 /* BaseModel.m */; };
		3C1EC0CE21460E3F00815BC1 /* BaseModel.h in Headers */ = {isa = PBXBuildFile; fileRef = 3C1EC0CC21460E3F00815BC1 /* BaseModel.h */; settings = {ATTRIBUTES = (Public, ); }; };
		3C1EC0F0214656AF00815BC1 /* UIDevice+Hardware.h in Headers */ = {isa = PBXBuildFile; fileRef = 3C1EC0EE214656AF00815BC1 /* UIDevice+Hardware.h */; settings = {ATTRIBUTES = (Public, ); }; };
		3C1EC0F1214656AF00815BC1 /* UIDevice+Hardware.m in Sources */ = {isa = PBXBuildFile; fileRef = 3C1EC0EF214656AF00815BC1 /* UIDevice+Hardware.m */; };
		3C1EC0F421465B8A00815BC1 /* UIDevice+Software.h in Headers */ = {isa = PBXBuildFile; fileRef = 3C1EC0F221465B8A00815BC1 /* UIDevice+Software.h */; settings = {ATTRIBUTES = (Public, ); }; };
		3C1EC0F521465B8A00815BC1 /* UIDevice+Software.m in Sources */ = {isa = PBXBuildFile; fileRef = 3C1EC0F321465B8A00815BC1 /* UIDevice+Software.m */; };
		3C1EC10321466A9500815BC1 /* ServerTimestamp.h in Headers */ = {isa = PBXBuildFile; fileRef = 3C1EC10121466A9500815BC1 /* ServerTimestamp.h */; settings = {ATTRIBUTES = (Public, ); }; };
		3C1EC10421466A9500815BC1 /* ServerTimestamp.m in Sources */ = {isa = PBXBuildFile; fileRef = 3C1EC10221466A9500815BC1 /* ServerTimestamp.m */; };
		3C5631512137D5AC0069FEF4 /* SRCFoundation.framework in Frameworks */ = {isa = PBXBuildFile; fileRef = 3C5631472137D5AC0069FEF4 /* SRCFoundation.framework */; };
		3C5631562137D5AC0069FEF4 /* SRCFoundationTests.m in Sources */ = {isa = PBXBuildFile; fileRef = 3C5631552137D5AC0069FEF4 /* SRCFoundationTests.m */; };
		3C5631582137D5AC0069FEF4 /* SRCFoundation.h in Headers */ = {isa = PBXBuildFile; fileRef = 3C56314A2137D5AC0069FEF4 /* SRCFoundation.h */; settings = {ATTRIBUTES = (Public, ); }; };
		3C56316A2137D5CE0069FEF4 /* NSMutableArray+Safe.m in Sources */ = {isa = PBXBuildFile; fileRef = 3C5631632137D5CE0069FEF4 /* NSMutableArray+Safe.m */; };
		3C56316B2137D5CE0069FEF4 /* NSArray+Safe.h in Headers */ = {isa = PBXBuildFile; fileRef = 3C5631642137D5CE0069FEF4 /* NSArray+Safe.h */; settings = {ATTRIBUTES = (Public, ); }; };
		3C56316C2137D5CE0069FEF4 /* NSMutableArray+Safe.h in Headers */ = {isa = PBXBuildFile; fileRef = 3C5631652137D5CE0069FEF4 /* NSMutableArray+Safe.h */; settings = {ATTRIBUTES = (Public, ); }; };
		3C56316D2137D5CE0069FEF4 /* NSArray+Safe.m in Sources */ = {isa = PBXBuildFile; fileRef = 3C5631662137D5CE0069FEF4 /* NSArray+Safe.m */; };
		3C56316E2137D5CE0069FEF4 /* ErrorHome.h in Headers */ = {isa = PBXBuildFile; fileRef = 3C5631672137D5CE0069FEF4 /* ErrorHome.h */; settings = {ATTRIBUTES = (Public, ); }; };
		3C67BF72213A722D003C4BD2 /* NSString+Path.h in Headers */ = {isa = PBXBuildFile; fileRef = 3C67BF70213A722D003C4BD2 /* NSString+Path.h */; settings = {ATTRIBUTES = (Public, ); }; };
		3C67BF73213A722D003C4BD2 /* NSString+Path.m in Sources */ = {isa = PBXBuildFile; fileRef = 3C67BF71213A722D003C4BD2 /* NSString+Path.m */; };
		3C67BF80213A8C9F003C4BD2 /* NSString+URL.h in Headers */ = {isa = PBXBuildFile; fileRef = 3C67BF7E213A8C9F003C4BD2 /* NSString+URL.h */; settings = {ATTRIBUTES = (Public, ); }; };
		3C67BF81213A8C9F003C4BD2 /* NSString+URL.m in Sources */ = {isa = PBXBuildFile; fileRef = 3C67BF7F213A8C9F003C4BD2 /* NSString+URL.m */; };
		3C77A07D2140A93E000D6EAD /* NSOperationQueue+Safe.h in Headers */ = {isa = PBXBuildFile; fileRef = 3C77A07B2140A93E000D6EAD /* NSOperationQueue+Safe.h */; settings = {ATTRIBUTES = (Public, ); }; };
		3C77A07E2140A93E000D6EAD /* NSOperationQueue+Safe.m in Sources */ = {isa = PBXBuildFile; fileRef = 3C77A07C2140A93E000D6EAD /* NSOperationQueue+Safe.m */; };
		3C77A0822140B8CB000D6EAD /* NSFileManager+Safe.h in Headers */ = {isa = PBXBuildFile; fileRef = 3C77A0802140B8CB000D6EAD /* NSFileManager+Safe.h */; settings = {ATTRIBUTES = (Public, ); }; };
		3C77A0832140B8CB000D6EAD /* NSFileManager+Safe.m in Sources */ = {isa = PBXBuildFile; fileRef = 3C77A0812140B8CB000D6EAD /* NSFileManager+Safe.m */; };
		3C77A0862140C5AB000D6EAD /* NSObject+Safe.h in Headers */ = {isa = PBXBuildFile; fileRef = 3C77A0842140C5AB000D6EAD /* NSObject+Safe.h */; settings = {ATTRIBUTES = (Public, ); }; };
		3C77A0872140C5AB000D6EAD /* NSObject+Safe.m in Sources */ = {isa = PBXBuildFile; fileRef = 3C77A0852140C5AB000D6EAD /* NSObject+Safe.m */; };
		3C7EC84321475F5A004D45E8 /* AppInfo.h in Headers */ = {isa = PBXBuildFile; fileRef = 3C7EC84121475F5A004D45E8 /* AppInfo.h */; settings = {ATTRIBUTES = (Public, ); }; };
		3C7EC84421475F5A004D45E8 /* AppInfo.m in Sources */ = {isa = PBXBuildFile; fileRef = 3C7EC84221475F5A004D45E8 /* AppInfo.m */; };
		3CB1D7132138E6A500488B2C /* NSMutableDictionary+Safe.h in Headers */ = {isa = PBXBuildFile; fileRef = 3CB1D7112138E6A500488B2C /* NSMutableDictionary+Safe.h */; settings = {ATTRIBUTES = (Public, ); }; };
		3CB1D7142138E6A500488B2C /* NSMutableDictionary+Safe.m in Sources */ = {isa = PBXBuildFile; fileRef = 3CB1D7122138E6A500488B2C /* NSMutableDictionary+Safe.m */; };
		3CB1D718213917A500488B2C /* NSString+Safe.h in Headers */ = {isa = PBXBuildFile; fileRef = 3CB1D716213917A500488B2C /* NSString+Safe.h */; settings = {ATTRIBUTES = (Public, ); }; };
		3CB1D719213917A500488B2C /* NSString+Safe.m in Sources */ = {isa = PBXBuildFile; fileRef = 3CB1D717213917A500488B2C /* NSString+Safe.m */; };
		3CB1D72021392D0800488B2C /* NSMutableString+Safe.h in Headers */ = {isa = PBXBuildFile; fileRef = 3CB1D71E21392D0800488B2C /* NSMutableString+Safe.h */; settings = {ATTRIBUTES = (Public, ); }; };
		3CB1D72121392D0800488B2C /* NSMutableString+Safe.m in Sources */ = {isa = PBXBuildFile; fileRef = 3CB1D71F21392D0800488B2C /* NSMutableString+Safe.m */; };
		3CB1D7242139352D00488B2C /* NSString+Easy.h in Headers */ = {isa = PBXBuildFile; fileRef = 3CB1D7222139352D00488B2C /* NSString+Easy.h */; settings = {ATTRIBUTES = (Public, ); }; };
		3CB1D7252139352D00488B2C /* NSString+Easy.m in Sources */ = {isa = PBXBuildFile; fileRef = 3CB1D7232139352D00488B2C /* NSString+Easy.m */; };
		3CBE276A2148ED250028F1FA /* Setting.h in Headers */ = {isa = PBXBuildFile; fileRef = 3CBE27682148ED250028F1FA /* Setting.h */; };
		3CBE276B2148ED250028F1FA /* Setting.m in Sources */ = {isa = PBXBuildFile; fileRef = 3CBE27692148ED250028F1FA /* Setting.m */; };
		3CCAF2F4213FC83C003714DE /* NSTimer+Safe.h in Headers */ = {isa = PBXBuildFile; fileRef = 3CCAF2F2213FC83C003714DE /* NSTimer+Safe.h */; settings = {ATTRIBUTES = (Public, ); }; };
		3CCAF2F5213FC83C003714DE /* NSTimer+Safe.m in Sources */ = {isa = PBXBuildFile; fileRef = 3CCAF2F3213FC83C003714DE /* NSTimer+Safe.m */; };
/* End PBXBuildFile section */

/* Begin PBXContainerItemProxy section */
		3C5631522137D5AC0069FEF4 /* PBXContainerItemProxy */ = {
			isa = PBXContainerItemProxy;
			containerPortal = 3C56313E2137D5AC0069FEF4 /* Project object */;
			proxyType = 1;
			remoteGlobalIDString = 3C5631462137D5AC0069FEF4;
			remoteInfo = SRCFoundation;
		};
/* End PBXContainerItemProxy section */

/* Begin PBXFileReference section */
		3C07D1EB2142795D00088242 /* AFSecurityPolicy.h */ = {isa = PBXFileReference; lastKnownFileType = sourcecode.c.h; path = AFSecurityPolicy.h; sourceTree = "<group>"; };
		3C07D1EC2142795D00088242 /* AFNetworkReachabilityManager.h */ = {isa = PBXFileReference; lastKnownFileType = sourcecode.c.h; path = AFNetworkReachabilityManager.h; sourceTree = "<group>"; };
		3C07D1ED2142795D00088242 /* AFURLSessionManager.h */ = {isa = PBXFileReference; lastKnownFileType = sourcecode.c.h; path = AFURLSessionManager.h; sourceTree = "<group>"; };
		3C07D1EE2142795D00088242 /* AFURLRequestSerialization.h */ = {isa = PBXFileReference; lastKnownFileType = sourcecode.c.h; path = AFURLRequestSerialization.h; sourceTree = "<group>"; };
		3C07D1EF2142795D00088242 /* AFURLResponseSerialization.m */ = {isa = PBXFileReference; lastKnownFileType = sourcecode.c.objc; path = AFURLResponseSerialization.m; sourceTree = "<group>"; };
		3C07D1F02142795D00088242 /* AFHTTPSessionManager.m */ = {isa = PBXFileReference; lastKnownFileType = sourcecode.c.objc; path = AFHTTPSessionManager.m; sourceTree = "<group>"; };
		3C07D1F12142795D00088242 /* AFURLResponseSerialization.h */ = {isa = PBXFileReference; lastKnownFileType = sourcecode.c.h; path = AFURLResponseSerialization.h; sourceTree = "<group>"; };
		3C07D1F22142795D00088242 /* AFURLSessionManager.m */ = {isa = PBXFileReference; lastKnownFileType = sourcecode.c.objc; path = AFURLSessionManager.m; sourceTree = "<group>"; };
		3C07D1F32142795D00088242 /* AFURLRequestSerialization.m */ = {isa = PBXFileReference; lastKnownFileType = sourcecode.c.objc; path = AFURLRequestSerialization.m; sourceTree = "<group>"; };
		3C07D1F42142795D00088242 /* AFNetworking.h */ = {isa = PBXFileReference; lastKnownFileType = sourcecode.c.h; path = AFNetworking.h; sourceTree = "<group>"; };
		3C07D1F52142795D00088242 /* AFNetworkReachabilityManager.m */ = {isa = PBXFileReference; lastKnownFileType = sourcecode.c.objc; path = AFNetworkReachabilityManager.m; sourceTree = "<group>"; };
		3C07D1F62142795D00088242 /* AFSecurityPolicy.m */ = {isa = PBXFileReference; lastKnownFileType = sourcecode.c.objc; path = AFSecurityPolicy.m; sourceTree = "<group>"; };
		3C07D1F72142795D00088242 /* AFHTTPSessionManager.h */ = {isa = PBXFileReference; lastKnownFileType = sourcecode.c.h; path = AFHTTPSessionManager.h; sourceTree = "<group>"; };
		3C07D1F821427C2700088242 /* SRCNetworkWithAF.h */ = {isa = PBXFileReference; lastKnownFileType = sourcecode.c.h; path = SRCNetworkWithAF.h; sourceTree = "<group>"; };
		3C07D1F921427C2700088242 /* SRCNetworkWithAF.m */ = {isa = PBXFileReference; lastKnownFileType = sourcecode.c.objc; path = SRCNetworkWithAF.m; sourceTree = "<group>"; };
		3C1EC091214600FA00815BC1 /* JSONValueTransformer.m */ = {isa = PBXFileReference; fileEncoding = 4; lastKnownFileType = sourcecode.c.objc; path = JSONValueTransformer.m; sourceTree = "<group>"; };
		3C1EC092214600FA00815BC1 /* JSONKeyMapper.h */ = {isa = PBXFileReference; fileEncoding = 4; lastKnownFileType = sourcecode.c.h; path = JSONKeyMapper.h; sourceTree = "<group>"; };
		3C1EC093214600FA00815BC1 /* JSONValueTransformer.h */ = {isa = PBXFileReference; fileEncoding = 4; lastKnownFileType = sourcecode.c.h; path = JSONValueTransformer.h; sourceTree = "<group>"; };
		3C1EC094214600FA00815BC1 /* JSONKeyMapper.m */ = {isa = PBXFileReference; fileEncoding = 4; lastKnownFileType = sourcecode.c.objc; path = JSONKeyMapper.m; sourceTree = "<group>"; };
		3C1EC095214600FA00815BC1 /* module.modulemap */ = {isa = PBXFileReference; fileEncoding = 4; lastKnownFileType = "sourcecode.module-map"; path = module.modulemap; sourceTree = "<group>"; };
		3C1EC097214600FA00815BC1 /* JSONModel.m */ = {isa = PBXFileReference; fileEncoding = 4; lastKnownFileType = sourcecode.c.objc; path = JSONModel.m; sourceTree = "<group>"; };
		3C1EC098214600FA00815BC1 /* JSONModelError.m */ = {isa = PBXFileReference; fileEncoding = 4; lastKnownFileType = sourcecode.c.objc; path = JSONModelError.m; sourceTree = "<group>"; };
		3C1EC099214600FA00815BC1 /* JSONModelClassProperty.h */ = {isa = PBXFileReference; fileEncoding = 4; lastKnownFileType = sourcecode.c.h; path = JSONModelClassProperty.h; sourceTree = "<group>"; };
		3C1EC09A214600FA00815BC1 /* JSONModel.h */ = {isa = PBXFileReference; fileEncoding = 4; lastKnownFileType = sourcecode.c.h; path = JSONModel.h; sourceTree = "<group>"; };
		3C1EC09B214600FA00815BC1 /* JSONModelClassProperty.m */ = {isa = PBXFileReference; fileEncoding = 4; lastKnownFileType = sourcecode.c.objc; path = JSONModelClassProperty.m; sourceTree = "<group>"; };
		3C1EC09C214600FA00815BC1 /* JSONModelError.h */ = {isa = PBXFileReference; fileEncoding = 4; lastKnownFileType = sourcecode.c.h; path = JSONModelError.h; sourceTree = "<group>"; };
		3C1EC09D214600FA00815BC1 /* Info.plist */ = {isa = PBXFileReference; fileEncoding = 4; lastKnownFileType = text.plist.xml; path = Info.plist; sourceTree = "<group>"; };
		3C1EC09E214600FA00815BC1 /* JSONModelLib.h */ = {isa = PBXFileReference; fileEncoding = 4; lastKnownFileType = sourcecode.c.h; path = JSONModelLib.h; sourceTree = "<group>"; };
		3C1EC0A0214600FA00815BC1 /* JSONHTTPClient.m */ = {isa = PBXFileReference; fileEncoding = 4; lastKnownFileType = sourcecode.c.objc; path = JSONHTTPClient.m; sourceTree = "<group>"; };
		3C1EC0A1214600FA00815BC1 /* JSONAPI.m */ = {isa = PBXFileReference; fileEncoding = 4; lastKnownFileType = sourcecode.c.objc; path = JSONAPI.m; sourceTree = "<group>"; };
		3C1EC0A2214600FA00815BC1 /* JSONModel+networking.h */ = {isa = PBXFileReference; fileEncoding = 4; lastKnownFileType = sourcecode.c.h; path = "JSONModel+networking.h"; sourceTree = "<group>"; };
		3C1EC0A3214600FA00815BC1 /* JSONHTTPClient.h */ = {isa = PBXFileReference; fileEncoding = 4; lastKnownFileType = sourcecode.c.h; path = JSONHTTPClient.h; sourceTree = "<group>"; };
		3C1EC0A4214600FA00815BC1 /* JSONAPI.h */ = {isa = PBXFileReference; fileEncoding = 4; lastKnownFileType = sourcecode.c.h; path = JSONAPI.h; sourceTree = "<group>"; };
		3C1EC0A5214600FA00815BC1 /* JSONModel+networking.m */ = {isa = PBXFileReference; fileEncoding = 4; lastKnownFileType = sourcecode.c.objc; path = "JSONModel+networking.m"; sourceTree = "<group>"; };
		3C1EC0CB21460E3E00815BC1 /* BaseModel.m */ = {isa = PBXFileReference; fileEncoding = 4; lastKnownFileType = sourcecode.c.objc; path = BaseModel.m; sourceTree = "<group>"; };
		3C1EC0CC21460E3F00815BC1 /* BaseModel.h */ = {isa = PBXFileReference; fileEncoding = 4; lastKnownFileType = sourcecode.c.h; path = BaseModel.h; sourceTree = "<group>"; };
		3C1EC0EE214656AF00815BC1 /* UIDevice+Hardware.h */ = {isa = PBXFileReference; lastKnownFileType = sourcecode.c.h; path = "UIDevice+Hardware.h"; sourceTree = "<group>"; };
		3C1EC0EF214656AF00815BC1 /* UIDevice+Hardware.m */ = {isa = PBXFileReference; lastKnownFileType = sourcecode.c.objc; path = "UIDevice+Hardware.m"; sourceTree = "<group>"; };
		3C1EC0F221465B8A00815BC1 /* UIDevice+Software.h */ = {isa = PBXFileReference; lastKnownFileType = sourcecode.c.h; path = "UIDevice+Software.h"; sourceTree = "<group>"; };
		3C1EC0F321465B8A00815BC1 /* UIDevice+Software.m */ = {isa = PBXFileReference; lastKnownFileType = sourcecode.c.objc; path = "UIDevice+Software.m"; sourceTree = "<group>"; };
		3C1EC10121466A9500815BC1 /* ServerTimestamp.h */ = {isa = PBXFileReference; lastKnownFileType = sourcecode.c.h; path = ServerTimestamp.h; sourceTree = "<group>"; };
		3C1EC10221466A9500815BC1 /* ServerTimestamp.m */ = {isa = PBXFileReference; lastKnownFileType = sourcecode.c.objc; path = ServerTimestamp.m; sourceTree = "<group>"; };
		3C5631472137D5AC0069FEF4 /* SRCFoundation.framework */ = {isa = PBXFileReference; explicitFileType = wrapper.framework; includeInIndex = 0; path = SRCFoundation.framework; sourceTree = BUILT_PRODUCTS_DIR; };
		3C56314A2137D5AC0069FEF4 /* SRCFoundation.h */ = {isa = PBXFileReference; lastKnownFileType = sourcecode.c.h; path = SRCFoundation.h; sourceTree = "<group>"; };
		3C56314B2137D5AC0069FEF4 /* Info.plist */ = {isa = PBXFileReference; lastKnownFileType = text.plist.xml; path = Info.plist; sourceTree = "<group>"; };
		3C5631502137D5AC0069FEF4 /* SRCFoundationTests.xctest */ = {isa = PBXFileReference; explicitFileType = wrapper.cfbundle; includeInIndex = 0; path = SRCFoundationTests.xctest; sourceTree = BUILT_PRODUCTS_DIR; };
		3C5631552137D5AC0069FEF4 /* SRCFoundationTests.m */ = {isa = PBXFileReference; lastKnownFileType = sourcecode.c.objc; path = SRCFoundationTests.m; sourceTree = "<group>"; };
		3C5631572137D5AC0069FEF4 /* Info.plist */ = {isa = PBXFileReference; lastKnownFileType = text.plist.xml; path = Info.plist; sourceTree = "<group>"; };
		3C5631632137D5CE0069FEF4 /* NSMutableArray+Safe.m */ = {isa = PBXFileReference; fileEncoding = 4; lastKnownFileType = sourcecode.c.objc; path = "NSMutableArray+Safe.m"; sourceTree = "<group>"; };
		3C5631642137D5CE0069FEF4 /* NSArray+Safe.h */ = {isa = PBXFileReference; fileEncoding = 4; lastKnownFileType = sourcecode.c.h; path = "NSArray+Safe.h"; sourceTree = "<group>"; };
		3C5631652137D5CE0069FEF4 /* NSMutableArray+Safe.h */ = {isa = PBXFileReference; fileEncoding = 4; lastKnownFileType = sourcecode.c.h; path = "NSMutableArray+Safe.h"; sourceTree = "<group>"; };
		3C5631662137D5CE0069FEF4 /* NSArray+Safe.m */ = {isa = PBXFileReference; fileEncoding = 4; lastKnownFileType = sourcecode.c.objc; path = "NSArray+Safe.m"; sourceTree = "<group>"; };
		3C5631672137D5CE0069FEF4 /* ErrorHome.h */ = {isa = PBXFileReference; fileEncoding = 4; lastKnownFileType = sourcecode.c.h; path = ErrorHome.h; sourceTree = "<group>"; };
		3C67BF70213A722D003C4BD2 /* NSString+Path.h */ = {isa = PBXFileReference; lastKnownFileType = sourcecode.c.h; path = "NSString+Path.h"; sourceTree = "<group>"; };
		3C67BF71213A722D003C4BD2 /* NSString+Path.m */ = {isa = PBXFileReference; lastKnownFileType = sourcecode.c.objc; path = "NSString+Path.m"; sourceTree = "<group>"; };
		3C67BF7E213A8C9F003C4BD2 /* NSString+URL.h */ = {isa = PBXFileReference; lastKnownFileType = sourcecode.c.h; path = "NSString+URL.h"; sourceTree = "<group>"; };
		3C67BF7F213A8C9F003C4BD2 /* NSString+URL.m */ = {isa = PBXFileReference; lastKnownFileType = sourcecode.c.objc; path = "NSString+URL.m"; sourceTree = "<group>"; };
		3C77A07B2140A93E000D6EAD /* NSOperationQueue+Safe.h */ = {isa = PBXFileReference; lastKnownFileType = sourcecode.c.h; path = "NSOperationQueue+Safe.h"; sourceTree = "<group>"; };
		3C77A07C2140A93E000D6EAD /* NSOperationQueue+Safe.m */ = {isa = PBXFileReference; lastKnownFileType = sourcecode.c.objc; path = "NSOperationQueue+Safe.m"; sourceTree = "<group>"; };
		3C77A0802140B8CB000D6EAD /* NSFileManager+Safe.h */ = {isa = PBXFileReference; lastKnownFileType = sourcecode.c.h; path = "NSFileManager+Safe.h"; sourceTree = "<group>"; };
		3C77A0812140B8CB000D6EAD /* NSFileManager+Safe.m */ = {isa = PBXFileReference; lastKnownFileType = sourcecode.c.objc; path = "NSFileManager+Safe.m"; sourceTree = "<group>"; };
		3C77A0842140C5AB000D6EAD /* NSObject+Safe.h */ = {isa = PBXFileReference; lastKnownFileType = sourcecode.c.h; path = "NSObject+Safe.h"; sourceTree = "<group>"; };
		3C77A0852140C5AB000D6EAD /* NSObject+Safe.m */ = {isa = PBXFileReference; lastKnownFileType = sourcecode.c.objc; path = "NSObject+Safe.m"; sourceTree = "<group>"; };
		3C7EC84121475F5A004D45E8 /* AppInfo.h */ = {isa = PBXFileReference; lastKnownFileType = sourcecode.c.h; path = AppInfo.h; sourceTree = "<group>"; };
		3C7EC84221475F5A004D45E8 /* AppInfo.m */ = {isa = PBXFileReference; lastKnownFileType = sourcecode.c.objc; path = AppInfo.m; sourceTree = "<group>"; };
		3CB1D7112138E6A500488B2C /* NSMutableDictionary+Safe.h */ = {isa = PBXFileReference; lastKnownFileType = sourcecode.c.h; path = "NSMutableDictionary+Safe.h"; sourceTree = "<group>"; };
		3CB1D7122138E6A500488B2C /* NSMutableDictionary+Safe.m */ = {isa = PBXFileReference; lastKnownFileType = sourcecode.c.objc; path = "NSMutableDictionary+Safe.m"; sourceTree = "<group>"; };
		3CB1D716213917A500488B2C /* NSString+Safe.h */ = {isa = PBXFileReference; lastKnownFileType = sourcecode.c.h; path = "NSString+Safe.h"; sourceTree = "<group>"; };
		3CB1D717213917A500488B2C /* NSString+Safe.m */ = {isa = PBXFileReference; lastKnownFileType = sourcecode.c.objc; path = "NSString+Safe.m"; sourceTree = "<group>"; };
		3CB1D71E21392D0800488B2C /* NSMutableString+Safe.h */ = {isa = PBXFileReference; lastKnownFileType = sourcecode.c.h; path = "NSMutableString+Safe.h"; sourceTree = "<group>"; };
		3CB1D71F21392D0800488B2C /* NSMutableString+Safe.m */ = {isa = PBXFileReference; lastKnownFileType = sourcecode.c.objc; path = "NSMutableString+Safe.m"; sourceTree = "<group>"; };
		3CB1D7222139352D00488B2C /* NSString+Easy.h */ = {isa = PBXFileReference; lastKnownFileType = sourcecode.c.h; path = "NSString+Easy.h"; sourceTree = "<group>"; };
		3CB1D7232139352D00488B2C /* NSString+Easy.m */ = {isa = PBXFileReference; lastKnownFileType = sourcecode.c.objc; path = "NSString+Easy.m"; sourceTree = "<group>"; };
		3CBE27682148ED250028F1FA /* Setting.h */ = {isa = PBXFileReference; lastKnownFileType = sourcecode.c.h; path = Setting.h; sourceTree = "<group>"; };
		3CBE27692148ED250028F1FA /* Setting.m */ = {isa = PBXFileReference; lastKnownFileType = sourcecode.c.objc; path = Setting.m; sourceTree = "<group>"; };
		3CCAF2F2213FC83C003714DE /* NSTimer+Safe.h */ = {isa = PBXFileReference; lastKnownFileType = sourcecode.c.h; path = "NSTimer+Safe.h"; sourceTree = "<group>"; };
		3CCAF2F3213FC83C003714DE /* NSTimer+Safe.m */ = {isa = PBXFileReference; lastKnownFileType = sourcecode.c.objc; path = "NSTimer+Safe.m"; sourceTree = "<group>"; };
/* End PBXFileReference section */

/* Begin PBXFrameworksBuildPhase section */
		3C5631432137D5AC0069FEF4 /* Frameworks */ = {
			isa = PBXFrameworksBuildPhase;
			buildActionMask = 2147483647;
			files = (
			);
			runOnlyForDeploymentPostprocessing = 0;
		};
		3C56314D2137D5AC0069FEF4 /* Frameworks */ = {
			isa = PBXFrameworksBuildPhase;
			buildActionMask = 2147483647;
			files = (
				3C5631512137D5AC0069FEF4 /* SRCFoundation.framework in Frameworks */,
			);
			runOnlyForDeploymentPostprocessing = 0;
		};
/* End PBXFrameworksBuildPhase section */

/* Begin PBXGroup section */
		3C07D1EA2142795D00088242 /* AFNetworking */ = {
			isa = PBXGroup;
			children = (
				3C07D1F72142795D00088242 /* AFHTTPSessionManager.h */,
				3C07D1F02142795D00088242 /* AFHTTPSessionManager.m */,
				3C07D1F42142795D00088242 /* AFNetworking.h */,
				3C07D1EC2142795D00088242 /* AFNetworkReachabilityManager.h */,
				3C07D1F52142795D00088242 /* AFNetworkReachabilityManager.m */,
				3C07D1EB2142795D00088242 /* AFSecurityPolicy.h */,
				3C07D1F62142795D00088242 /* AFSecurityPolicy.m */,
				3C07D1EE2142795D00088242 /* AFURLRequestSerialization.h */,
				3C07D1F32142795D00088242 /* AFURLRequestSerialization.m */,
				3C07D1F12142795D00088242 /* AFURLResponseSerialization.h */,
				3C07D1EF2142795D00088242 /* AFURLResponseSerialization.m */,
				3C07D1ED2142795D00088242 /* AFURLSessionManager.h */,
				3C07D1F22142795D00088242 /* AFURLSessionManager.m */,
			);
			path = AFNetworking;
			sourceTree = "<group>";
		};
		3C1EC08E214600CE00815BC1 /* Model */ = {
			isa = PBXGroup;
			children = (
				3C1EC0CC21460E3F00815BC1 /* BaseModel.h */,
				3C1EC0CB21460E3E00815BC1 /* BaseModel.m */,
				3C1EC08F214600FA00815BC1 /* JSONModel */,
			);
			path = Model;
			sourceTree = "<group>";
		};
		3C1EC08F214600FA00815BC1 /* JSONModel */ = {
			isa = PBXGroup;
			children = (
				3C1EC090214600FA00815BC1 /* JSONModelTransformations */,
				3C1EC095214600FA00815BC1 /* module.modulemap */,
				3C1EC096214600FA00815BC1 /* JSONModel */,
				3C1EC09D214600FA00815BC1 /* Info.plist */,
				3C1EC09E214600FA00815BC1 /* JSONModelLib.h */,
				3C1EC09F214600FA00815BC1 /* JSONModelNetworking */,
			);
			path = JSONModel;
			sourceTree = "<group>";
		};
		3C1EC090214600FA00815BC1 /* JSONModelTransformations */ = {
			isa = PBXGroup;
			children = (
				3C1EC091214600FA00815BC1 /* JSONValueTransformer.m */,
				3C1EC092214600FA00815BC1 /* JSONKeyMapper.h */,
				3C1EC093214600FA00815BC1 /* JSONValueTransformer.h */,
				3C1EC094214600FA00815BC1 /* JSONKeyMapper.m */,
			);
			path = JSONModelTransformations;
			sourceTree = "<group>";
		};
		3C1EC096214600FA00815BC1 /* JSONModel */ = {
			isa = PBXGroup;
			children = (
				3C1EC09A214600FA00815BC1 /* JSONModel.h */,
				3C1EC097214600FA00815BC1 /* JSONModel.m */,
				3C1EC099214600FA00815BC1 /* JSONModelClassProperty.h */,
				3C1EC09B214600FA00815BC1 /* JSONModelClassProperty.m */,
				3C1EC09C214600FA00815BC1 /* JSONModelError.h */,
				3C1EC098214600FA00815BC1 /* JSONModelError.m */,
			);
			path = JSONModel;
			sourceTree = "<group>";
		};
		3C1EC09F214600FA00815BC1 /* JSONModelNetworking */ = {
			isa = PBXGroup;
			children = (
				3C1EC0A0214600FA00815BC1 /* JSONHTTPClient.m */,
				3C1EC0A1214600FA00815BC1 /* JSONAPI.m */,
				3C1EC0A2214600FA00815BC1 /* JSONModel+networking.h */,
				3C1EC0A3214600FA00815BC1 /* JSONHTTPClient.h */,
				3C1EC0A4214600FA00815BC1 /* JSONAPI.h */,
				3C1EC0A5214600FA00815BC1 /* JSONModel+networking.m */,
			);
			path = JSONModelNetworking;
			sourceTree = "<group>";
		};
		3C1EC0E92146183700815BC1 /* Device */ = {
			isa = PBXGroup;
			children = (
				3C1EC0EE214656AF00815BC1 /* UIDevice+Hardware.h */,
				3C1EC0EF214656AF00815BC1 /* UIDevice+Hardware.m */,
				3C1EC0F221465B8A00815BC1 /* UIDevice+Software.h */,
				3C1EC0F321465B8A00815BC1 /* UIDevice+Software.m */,
			);
			path = Device;
			sourceTree = "<group>";
		};
		3C1EC100214669F300815BC1 /* ServerTimestamp */ = {
			isa = PBXGroup;
			children = (
				3C1EC10121466A9500815BC1 /* ServerTimestamp.h */,
				3C1EC10221466A9500815BC1 /* ServerTimestamp.m */,
			);
			path = ServerTimestamp;
			sourceTree = "<group>";
		};
		3C2EC717214CB8A700E38C7C /* NSSet */ = {
			isa = PBXGroup;
			children = (
			);
			path = NSSet;
			sourceTree = "<group>";
		};
		3C2EC718214CB8A700E38C7C /* Print */ = {
			isa = PBXGroup;
			children = (
			);
			path = Print;
			sourceTree = "<group>";
		};
		3C56313D2137D5AC0069FEF4 = {
			isa = PBXGroup;
			children = (
				3C5631492137D5AC0069FEF4 /* SRCFoundation */,
				3C5631542137D5AC0069FEF4 /* SRCFoundationTests */,
				3C5631482137D5AC0069FEF4 /* Products */,
			);
			sourceTree = "<group>";
		};
		3C5631482137D5AC0069FEF4 /* Products */ = {
			isa = PBXGroup;
			children = (
				3C5631472137D5AC0069FEF4 /* SRCFoundation.framework */,
				3C5631502137D5AC0069FEF4 /* SRCFoundationTests.xctest */,
			);
			name = Products;
			sourceTree = "<group>";
		};
		3C5631492137D5AC0069FEF4 /* SRCFoundation */ = {
			isa = PBXGroup;
			children = (
				3C2EC717214CB8A700E38C7C /* NSSet */,
				3C2EC718214CB8A700E38C7C /* Print */,
				3C7EC84021475F0A004D45E8 /* App */,
				3C1EC0E92146183700815BC1 /* Device */,
				3C1EC08E214600CE00815BC1 /* Model */,
				3C5631672137D5CE0069FEF4 /* ErrorHome.h */,
				3C56314B2137D5AC0069FEF4 /* Info.plist */,
				3CCAF2F0213FC6D6003714DE /* NetWork */,
				3C5631622137D5CE0069FEF4 /* NSArray */,
				3C5631692137D5CE0069FEF4 /* NSDictionary */,
				3C77A07F2140B8A5000D6EAD /* NSFileManager */,
				3CB1D7152138EC9200488B2C /* NSObject */,
				3C77A07A2140A928000D6EAD /* NSOperationQueue */,
				3C5631682137D5CE0069FEF4 /* NSString */,
				3CCAF2F1213FC82A003714DE /* NSTimer */,
				3C56314A2137D5AC0069FEF4 /* SRCFoundation.h */,
			);
			path = SRCFoundation;
			sourceTree = "<group>";
		};
		3C5631542137D5AC0069FEF4 /* SRCFoundationTests */ = {
			isa = PBXGroup;
			children = (
				3C5631552137D5AC0069FEF4 /* SRCFoundationTests.m */,
				3C5631572137D5AC0069FEF4 /* Info.plist */,
			);
			path = SRCFoundationTests;
			sourceTree = "<group>";
		};
		3C5631622137D5CE0069FEF4 /* NSArray */ = {
			isa = PBXGroup;
			children = (
				3C5631642137D5CE0069FEF4 /* NSArray+Safe.h */,
				3C5631662137D5CE0069FEF4 /* NSArray+Safe.m */,
				3C5631652137D5CE0069FEF4 /* NSMutableArray+Safe.h */,
				3C5631632137D5CE0069FEF4 /* NSMutableArray+Safe.m */,
			);
			path = NSArray;
			sourceTree = "<group>";
		};
		3C5631682137D5CE0069FEF4 /* NSString */ = {
			isa = PBXGroup;
			children = (
				3CB1D716213917A500488B2C /* NSString+Safe.h */,
				3CB1D717213917A500488B2C /* NSString+Safe.m */,
				3CB1D71E21392D0800488B2C /* NSMutableString+Safe.h */,
				3CB1D71F21392D0800488B2C /* NSMutableString+Safe.m */,
				3CB1D7222139352D00488B2C /* NSString+Easy.h */,
				3CB1D7232139352D00488B2C /* NSString+Easy.m */,
				3C67BF70213A722D003C4BD2 /* NSString+Path.h */,
				3C67BF71213A722D003C4BD2 /* NSString+Path.m */,
				3C67BF7E213A8C9F003C4BD2 /* NSString+URL.h */,
				3C67BF7F213A8C9F003C4BD2 /* NSString+URL.m */,
			);
			path = NSString;
			sourceTree = "<group>";
		};
		3C5631692137D5CE0069FEF4 /* NSDictionary */ = {
			isa = PBXGroup;
			children = (
				3CB1D7112138E6A500488B2C /* NSMutableDictionary+Safe.h */,
				3CB1D7122138E6A500488B2C /* NSMutableDictionary+Safe.m */,
			);
			path = NSDictionary;
			sourceTree = "<group>";
		};
		3C77A07A2140A928000D6EAD /* NSOperationQueue */ = {
			isa = PBXGroup;
			children = (
				3C77A07B2140A93E000D6EAD /* NSOperationQueue+Safe.h */,
				3C77A07C2140A93E000D6EAD /* NSOperationQueue+Safe.m */,
			);
			path = NSOperationQueue;
			sourceTree = "<group>";
		};
		3C77A07F2140B8A5000D6EAD /* NSFileManager */ = {
			isa = PBXGroup;
			children = (
				3C77A0802140B8CB000D6EAD /* NSFileManager+Safe.h */,
				3C77A0812140B8CB000D6EAD /* NSFileManager+Safe.m */,
			);
			path = NSFileManager;
			sourceTree = "<group>";
		};
		3C7EC84021475F0A004D45E8 /* App */ = {
			isa = PBXGroup;
			children = (
				3C7EC84121475F5A004D45E8 /* AppInfo.h */,
				3C7EC84221475F5A004D45E8 /* AppInfo.m */,
			);
			path = App;
			sourceTree = "<group>";
		};
		3CB1D7152138EC9200488B2C /* NSObject */ = {
			isa = PBXGroup;
			children = (
				3C77A0842140C5AB000D6EAD /* NSObject+Safe.h */,
				3C77A0852140C5AB000D6EAD /* NSObject+Safe.m */,
			);
			path = NSObject;
			sourceTree = "<group>";
		};
		3CBE27672148ECE70028F1FA /* Setting */ = {
			isa = PBXGroup;
			children = (
				3CBE27682148ED250028F1FA /* Setting.h */,
				3CBE27692148ED250028F1FA /* Setting.m */,
			);
			path = Setting;
			sourceTree = "<group>";
		};
		3CCAF2F0213FC6D6003714DE /* NetWork */ = {
			isa = PBXGroup;
			children = (
				3CBE27672148ECE70028F1FA /* Setting */,
				3C1EC100214669F300815BC1 /* ServerTimestamp */,
				3C07D1EA2142795D00088242 /* AFNetworking */,
				3C07D1F821427C2700088242 /* SRCNetworkWithAF.h */,
				3C07D1F921427C2700088242 /* SRCNetworkWithAF.m */,
			);
			path = NetWork;
			sourceTree = "<group>";
		};
		3CCAF2F1213FC82A003714DE /* NSTimer */ = {
			isa = PBXGroup;
			children = (
				3CCAF2F2213FC83C003714DE /* NSTimer+Safe.h */,
				3CCAF2F3213FC83C003714DE /* NSTimer+Safe.m */,
			);
			path = NSTimer;
			sourceTree = "<group>";
		};
/* End PBXGroup section */

/* Begin PBXHeadersBuildPhase section */
		3C5631442137D5AC0069FEF4 /* Headers */ = {
			isa = PBXHeadersBuildPhase;
			buildActionMask = 2147483647;
			files = (
				3C1EC0B1214600FA00815BC1 /* JSONModelLib.h in Headers */,
				3C5631582137D5AC0069FEF4 /* SRCFoundation.h in Headers */,
				3C56316B2137D5CE0069FEF4 /* NSArray+Safe.h in Headers */,
				3CCAF2F4213FC83C003714DE /* NSTimer+Safe.h in Headers */,
				3C67BF80213A8C9F003C4BD2 /* NSString+URL.h in Headers */,
				3C77A0822140B8CB000D6EAD /* NSFileManager+Safe.h in Headers */,
				3C67BF72213A722D003C4BD2 /* NSString+Path.h in Headers */,
				3C77A07D2140A93E000D6EAD /* NSOperationQueue+Safe.h in Headers */,
				3C77A0862140C5AB000D6EAD /* NSObject+Safe.h in Headers */,
				3C1EC0B6214600FA00815BC1 /* JSONAPI.h in Headers */,
				3C1EC0B5214600FA00815BC1 /* JSONHTTPClient.h in Headers */,
				3CB1D718213917A500488B2C /* NSString+Safe.h in Headers */,
				3C1EC0AD214600FA00815BC1 /* JSONModel.h in Headers */,
				3C1EC0AF214600FA00815BC1 /* JSONModelError.h in Headers */,
				3CB1D7132138E6A500488B2C /* NSMutableDictionary+Safe.h in Headers */,
				3C1EC0AC214600FA00815BC1 /* JSONModelClassProperty.h in Headers */,
				3C1EC0A7214600FA00815BC1 /* JSONKeyMapper.h in Headers */,
				3C56316E2137D5CE0069FEF4 /* ErrorHome.h in Headers */,
				3C1EC0CE21460E3F00815BC1 /* BaseModel.h in Headers */,
				3C1EC0F0214656AF00815BC1 /* UIDevice+Hardware.h in Headers */,
				3C1EC10321466A9500815BC1 /* ServerTimestamp.h in Headers */,
				3C1EC0F421465B8A00815BC1 /* UIDevice+Software.h in Headers */,
				3C7EC84321475F5A004D45E8 /* AppInfo.h in Headers */,
				3CBE276A2148ED250028F1FA /* Setting.h in Headers */,
				3C1EC0A8214600FA00815BC1 /* JSONValueTransformer.h in Headers */,
				3C1EC0B4214600FA00815BC1 /* JSONModel+networking.h in Headers */,
				3CB1D72021392D0800488B2C /* NSMutableString+Safe.h in Headers */,
				3CB1D7242139352D00488B2C /* NSString+Easy.h in Headers */,
				3C07D1FA21427C2700088242 /* SRCNetworkWithAF.h in Headers */,
				3C56316C2137D5CE0069FEF4 /* NSMutableArray+Safe.h in Headers */,
			);
			runOnlyForDeploymentPostprocessing = 0;
		};
/* End PBXHeadersBuildPhase section */

/* Begin PBXNativeTarget section */
		3C5631462137D5AC0069FEF4 /* SRCFoundation */ = {
			isa = PBXNativeTarget;
			buildConfigurationList = 3C56315B2137D5AC0069FEF4 /* Build configuration list for PBXNativeTarget "SRCFoundation" */;
			buildPhases = (
				3C5631422137D5AC0069FEF4 /* Sources */,
				3C5631432137D5AC0069FEF4 /* Frameworks */,
				3C5631442137D5AC0069FEF4 /* Headers */,
				3C5631452137D5AC0069FEF4 /* Resources */,
			);
			buildRules = (
			);
			dependencies = (
			);
			name = SRCFoundation;
			productName = SRCFoundation;
			productReference = 3C5631472137D5AC0069FEF4 /* SRCFoundation.framework */;
			productType = "com.apple.product-type.framework";
		};
		3C56314F2137D5AC0069FEF4 /* SRCFoundationTests */ = {
			isa = PBXNativeTarget;
			buildConfigurationList = 3C56315E2137D5AC0069FEF4 /* Build configuration list for PBXNativeTarget "SRCFoundationTests" */;
			buildPhases = (
				3C56314C2137D5AC0069FEF4 /* Sources */,
				3C56314D2137D5AC0069FEF4 /* Frameworks */,
				3C56314E2137D5AC0069FEF4 /* Resources */,
			);
			buildRules = (
			);
			dependencies = (
				3C5631532137D5AC0069FEF4 /* PBXTargetDependency */,
			);
			name = SRCFoundationTests;
			productName = SRCFoundationTests;
			productReference = 3C5631502137D5AC0069FEF4 /* SRCFoundationTests.xctest */;
			productType = "com.apple.product-type.bundle.unit-test";
		};
/* End PBXNativeTarget section */

/* Begin PBXProject section */
		3C56313E2137D5AC0069FEF4 /* Project object */ = {
			isa = PBXProject;
			attributes = {
				LastUpgradeCheck = 0940;
				ORGANIZATIONNAME = "史瑞昌";
				TargetAttributes = {
					3C5631462137D5AC0069FEF4 = {
						CreatedOnToolsVersion = 9.4.1;
					};
					3C56314F2137D5AC0069FEF4 = {
						CreatedOnToolsVersion = 9.4.1;
					};
					3C5631912137ECB60069FEF4 = {
						CreatedOnToolsVersion = 9.4.1;
					};
				};
			};
			buildConfigurationList = 3C5631412137D5AC0069FEF4 /* Build configuration list for PBXProject "SRCFoundation" */;
			compatibilityVersion = "Xcode 9.3";
			developmentRegion = en;
			hasScannedForEncodings = 0;
			knownRegions = (
				en,
			);
			mainGroup = 3C56313D2137D5AC0069FEF4;
			productRefGroup = 3C5631482137D5AC0069FEF4 /* Products */;
			projectDirPath = "";
			projectRoot = "";
			targets = (
				3C5631462137D5AC0069FEF4 /* SRCFoundation */,
				3C56314F2137D5AC0069FEF4 /* SRCFoundationTests */,
				3C5631912137ECB60069FEF4 /* fwSRCFoundation */,
			);
		};
/* End PBXProject section */

/* Begin PBXResourcesBuildPhase section */
		3C5631452137D5AC0069FEF4 /* Resources */ = {
			isa = PBXResourcesBuildPhase;
			buildActionMask = 2147483647;
			files = (
				3C1EC0B0214600FA00815BC1 /* Info.plist in Resources */,
			);
			runOnlyForDeploymentPostprocessing = 0;
		};
		3C56314E2137D5AC0069FEF4 /* Resources */ = {
			isa = PBXResourcesBuildPhase;
			buildActionMask = 2147483647;
			files = (
			);
			runOnlyForDeploymentPostprocessing = 0;
		};
/* End PBXResourcesBuildPhase section */

/* Begin PBXShellScriptBuildPhase section */
		3C5631952137ECBD0069FEF4 /* ShellScript */ = {
			isa = PBXShellScriptBuildPhase;
			buildActionMask = 2147483647;
			files = (
			);
			inputPaths = (
			);
			outputPaths = (
			);
			runOnlyForDeploymentPostprocessing = 0;
			shellPath = "/bin/sh ../Script/build_fw.sh";
			shellScript = "";
		};
/* End PBXShellScriptBuildPhase section */

/* Begin PBXSourcesBuildPhase section */
		3C5631422137D5AC0069FEF4 /* Sources */ = {
			isa = PBXSourcesBuildPhase;
			buildActionMask = 2147483647;
			files = (
				3C07D1FC21427C6F00088242 /* AFHTTPSessionManager.m in Sources */,
				3C07D1FD21427C6F00088242 /* AFNetworkReachabilityManager.m in Sources */,
				3C1EC0F521465B8A00815BC1 /* UIDevice+Software.m in Sources */,
				3C07D1FE21427C6F00088242 /* AFSecurityPolicy.m in Sources */,
				3C1EC0A6214600FA00815BC1 /* JSONValueTransformer.m in Sources */,
				3C07D1FF21427C6F00088242 /* AFURLRequestSerialization.m in Sources */,
				3C07D20021427C6F00088242 /* AFURLResponseSerialization.m in Sources */,
				3C07D20121427C6F00088242 /* AFURLSessionManager.m in Sources */,
				3C1EC0AA214600FA00815BC1 /* JSONModel.m in Sources */,
				3CB1D719213917A500488B2C /* NSString+Safe.m in Sources */,
				3C77A07E2140A93E000D6EAD /* NSOperationQueue+Safe.m in Sources */,
				3C1EC0CD21460E3F00815BC1 /* BaseModel.m in Sources */,
				3C77A0832140B8CB000D6EAD /* NSFileManager+Safe.m in Sources */,
				3CCAF2F5213FC83C003714DE /* NSTimer+Safe.m in Sources */,
				3C77A0872140C5AB000D6EAD /* NSObject+Safe.m in Sources */,
				3C1EC0F1214656AF00815BC1 /* UIDevice+Hardware.m in Sources */,
				3CB1D7252139352D00488B2C /* NSString+Easy.m in Sources */,
				3C7EC84421475F5A004D45E8 /* AppInfo.m in Sources */,
				3CB1D72121392D0800488B2C /* NSMutableString+Safe.m in Sources */,
				3C1EC0AB214600FA00815BC1 /* JSONModelError.m in Sources */,
				3C07D1FB21427C2700088242 /* SRCNetworkWithAF.m in Sources */,
				3C1EC0AE214600FA00815BC1 /* JSONModelClassProperty.m in Sources */,
				3CB1D7142138E6A500488B2C /* NSMutableDictionary+Safe.m in Sources */,
				3C67BF73213A722D003C4BD2 /* NSString+Path.m in Sources */,
				3C1EC0B3214600FA00815BC1 /* JSONAPI.m in Sources */,
				3C1EC0B2214600FA00815BC1 /* JSONHTTPClient.m in Sources */,
				3C1EC0B7214600FA00815BC1 /* JSONModel+networking.m in Sources */,
				3C56316A2137D5CE0069FEF4 /* NSMutableArray+Safe.m in Sources */,
				3C1EC0A9214600FA00815BC1 /* JSONKeyMapper.m in Sources */,
				3CBE276B2148ED250028F1FA /* Setting.m in Sources */,
				3C56316D2137D5CE0069FEF4 /* NSArray+Safe.m in Sources */,
				3C67BF81213A8C9F003C4BD2 /* NSString+URL.m in Sources */,
				3C1EC10421466A9500815BC1 /* ServerTimestamp.m in Sources */,
			);
			runOnlyForDeploymentPostprocessing = 0;
		};
		3C56314C2137D5AC0069FEF4 /* Sources */ = {
			isa = PBXSourcesBuildPhase;
			buildActionMask = 2147483647;
			files = (
				3C5631562137D5AC0069FEF4 /* SRCFoundationTests.m in Sources */,
			);
			runOnlyForDeploymentPostprocessing = 0;
		};
/* End PBXSourcesBuildPhase section */

/* Begin PBXTargetDependency section */
		3C5631532137D5AC0069FEF4 /* PBXTargetDependency */ = {
			isa = PBXTargetDependency;
			target = 3C5631462137D5AC0069FEF4 /* SRCFoundation */;
			targetProxy = 3C5631522137D5AC0069FEF4 /* PBXContainerItemProxy */;
		};
/* End PBXTargetDependency section */

/* Begin XCBuildConfiguration section */
		3C5631592137D5AC0069FEF4 /* Debug */ = {
			isa = XCBuildConfiguration;
			buildSettings = {
				ALWAYS_SEARCH_USER_PATHS = NO;
				ARCHS = (
					"$(ARCHS_STANDARD)",
					arm64,
					armv7s,
				);
				CLANG_ANALYZER_NONNULL = YES;
				CLANG_ANALYZER_NUMBER_OBJECT_CONVERSION = YES_AGGRESSIVE;
				CLANG_CXX_LANGUAGE_STANDARD = "gnu++14";
				CLANG_CXX_LIBRARY = "libc++";
				CLANG_ENABLE_MODULES = YES;
				CLANG_ENABLE_OBJC_ARC = YES;
				CLANG_ENABLE_OBJC_WEAK = YES;
				CLANG_WARN_BLOCK_CAPTURE_AUTORELEASING = YES;
				CLANG_WARN_BOOL_CONVERSION = YES;
				CLANG_WARN_COMMA = YES;
				CLANG_WARN_CONSTANT_CONVERSION = YES;
				CLANG_WARN_DEPRECATED_OBJC_IMPLEMENTATIONS = YES;
				CLANG_WARN_DIRECT_OBJC_ISA_USAGE = YES_ERROR;
				CLANG_WARN_DOCUMENTATION_COMMENTS = YES;
				CLANG_WARN_EMPTY_BODY = YES;
				CLANG_WARN_ENUM_CONVERSION = YES;
				CLANG_WARN_INFINITE_RECURSION = YES;
				CLANG_WARN_INT_CONVERSION = YES;
				CLANG_WARN_NON_LITERAL_NULL_CONVERSION = YES;
				CLANG_WARN_OBJC_IMPLICIT_RETAIN_SELF = YES;
				CLANG_WARN_OBJC_LITERAL_CONVERSION = YES;
				CLANG_WARN_OBJC_ROOT_CLASS = YES_ERROR;
				CLANG_WARN_RANGE_LOOP_ANALYSIS = YES;
				CLANG_WARN_STRICT_PROTOTYPES = YES;
				CLANG_WARN_SUSPICIOUS_MOVE = YES;
				CLANG_WARN_UNGUARDED_AVAILABILITY = YES_AGGRESSIVE;
				CLANG_WARN_UNREACHABLE_CODE = YES;
				CLANG_WARN__DUPLICATE_METHOD_MATCH = YES;
				CODE_SIGN_IDENTITY = "iPhone Developer";
				COPY_PHASE_STRIP = NO;
				CURRENT_PROJECT_VERSION = 1;
				DEAD_CODE_STRIPPING = NO;
				DEBUG_INFORMATION_FORMAT = dwarf;
				ENABLE_STRICT_OBJC_MSGSEND = YES;
				ENABLE_TESTABILITY = YES;
				GCC_C_LANGUAGE_STANDARD = gnu11;
				GCC_DYNAMIC_NO_PIC = NO;
				GCC_NO_COMMON_BLOCKS = YES;
				GCC_OPTIMIZATION_LEVEL = 0;
				GCC_PREPROCESSOR_DEFINITIONS = (
					"DEBUG=1",
					"$(inherited)",
				);
				GCC_WARN_64_TO_32_BIT_CONVERSION = YES;
				GCC_WARN_ABOUT_RETURN_TYPE = YES_ERROR;
				GCC_WARN_UNDECLARED_SELECTOR = YES;
				GCC_WARN_UNINITIALIZED_AUTOS = YES_AGGRESSIVE;
				GCC_WARN_UNUSED_FUNCTION = YES;
				GCC_WARN_UNUSED_VARIABLE = YES;
				IPHONEOS_DEPLOYMENT_TARGET = 8.0;
				LINK_WITH_STANDARD_LIBRARIES = NO;
				MACH_O_TYPE = staticlib;
				MTL_ENABLE_DEBUG_INFO = YES;
				ONLY_ACTIVE_ARCH = YES;
				OTHER_LDFLAGS = "";
				SDKROOT = iphoneos;
				VERSIONING_SYSTEM = "apple-generic";
				VERSION_INFO_PREFIX = "";
			};
			name = Debug;
		};
		3C56315A2137D5AC0069FEF4 /* Release */ = {
			isa = XCBuildConfiguration;
			buildSettings = {
				ALWAYS_SEARCH_USER_PATHS = NO;
				ARCHS = (
					"$(ARCHS_STANDARD)",
					arm64,
					armv7s,
				);
				CLANG_ANALYZER_NONNULL = YES;
				CLANG_ANALYZER_NUMBER_OBJECT_CONVERSION = YES_AGGRESSIVE;
				CLANG_CXX_LANGUAGE_STANDARD = "gnu++14";
				CLANG_CXX_LIBRARY = "libc++";
				CLANG_ENABLE_MODULES = YES;
				CLANG_ENABLE_OBJC_ARC = YES;
				CLANG_ENABLE_OBJC_WEAK = YES;
				CLANG_WARN_BLOCK_CAPTURE_AUTORELEASING = YES;
				CLANG_WARN_BOOL_CONVERSION = YES;
				CLANG_WARN_COMMA = YES;
				CLANG_WARN_CONSTANT_CONVERSION = YES;
				CLANG_WARN_DEPRECATED_OBJC_IMPLEMENTATIONS = YES;
				CLANG_WARN_DIRECT_OBJC_ISA_USAGE = YES_ERROR;
				CLANG_WARN_DOCUMENTATION_COMMENTS = YES;
				CLANG_WARN_EMPTY_BODY = YES;
				CLANG_WARN_ENUM_CONVERSION = YES;
				CLANG_WARN_INFINITE_RECURSION = YES;
				CLANG_WARN_INT_CONVERSION = YES;
				CLANG_WARN_NON_LITERAL_NULL_CONVERSION = YES;
				CLANG_WARN_OBJC_IMPLICIT_RETAIN_SELF = YES;
				CLANG_WARN_OBJC_LITERAL_CONVERSION = YES;
				CLANG_WARN_OBJC_ROOT_CLASS = YES_ERROR;
				CLANG_WARN_RANGE_LOOP_ANALYSIS = YES;
				CLANG_WARN_STRICT_PROTOTYPES = YES;
				CLANG_WARN_SUSPICIOUS_MOVE = YES;
				CLANG_WARN_UNGUARDED_AVAILABILITY = YES_AGGRESSIVE;
				CLANG_WARN_UNREACHABLE_CODE = YES;
				CLANG_WARN__DUPLICATE_METHOD_MATCH = YES;
				CODE_SIGN_IDENTITY = "iPhone Developer";
				COPY_PHASE_STRIP = NO;
				CURRENT_PROJECT_VERSION = 1;
				DEAD_CODE_STRIPPING = NO;
				DEBUG_INFORMATION_FORMAT = "dwarf-with-dsym";
				ENABLE_NS_ASSERTIONS = NO;
				ENABLE_STRICT_OBJC_MSGSEND = YES;
				GCC_C_LANGUAGE_STANDARD = gnu11;
				GCC_NO_COMMON_BLOCKS = YES;
				GCC_WARN_64_TO_32_BIT_CONVERSION = YES;
				GCC_WARN_ABOUT_RETURN_TYPE = YES_ERROR;
				GCC_WARN_UNDECLARED_SELECTOR = YES;
				GCC_WARN_UNINITIALIZED_AUTOS = YES_AGGRESSIVE;
				GCC_WARN_UNUSED_FUNCTION = YES;
				GCC_WARN_UNUSED_VARIABLE = YES;
				IPHONEOS_DEPLOYMENT_TARGET = 8.0;
				LINK_WITH_STANDARD_LIBRARIES = NO;
				MACH_O_TYPE = staticlib;
				MTL_ENABLE_DEBUG_INFO = NO;
				OTHER_LDFLAGS = "";
				SDKROOT = iphoneos;
				VALIDATE_PRODUCT = YES;
				VERSIONING_SYSTEM = "apple-generic";
				VERSION_INFO_PREFIX = "";
			};
			name = Release;
		};
		3C56315C2137D5AC0069FEF4 /* Debug */ = {
			isa = XCBuildConfiguration;
			buildSettings = {
				ARCHS = (
					"$(ARCHS_STANDARD)",
					armv7s,
					armv7,
					arm64,
				);
				CODE_SIGN_IDENTITY = "";
				CODE_SIGN_STYLE = Automatic;
				DEAD_CODE_STRIPPING = NO;
				DEFINES_MODULE = YES;
				DYLIB_COMPATIBILITY_VERSION = 1;
				DYLIB_CURRENT_VERSION = 1;
				DYLIB_INSTALL_NAME_BASE = "@rpath";
				INFOPLIST_FILE = SRCFoundation/Info.plist;
				INSTALL_PATH = "$(LOCAL_LIBRARY_DIR)/Frameworks";
				LD_RUNPATH_SEARCH_PATHS = (
					"$(inherited)",
					"@executable_path/Frameworks",
					"@loader_path/Frameworks",
				);
				MACH_O_TYPE = staticlib;
				OTHER_CFLAGS = "-fembed-bitcode";
				OTHER_LDFLAGS = "";
				PRODUCT_BUNDLE_IDENTIFIER = Src.SRCFoundation;
				PRODUCT_NAME = "$(TARGET_NAME:c99extidentifier)";
				SKIP_INSTALL = YES;
				TARGETED_DEVICE_FAMILY = "1,2";
			};
			name = Debug;
		};
		3C56315D2137D5AC0069FEF4 /* Release */ = {
			isa = XCBuildConfiguration;
			buildSettings = {
				ARCHS = (
					"$(ARCHS_STANDARD)",
					armv7s,
					armv7,
					arm64,
				);
				CODE_SIGN_IDENTITY = "";
				CODE_SIGN_STYLE = Automatic;
				DEAD_CODE_STRIPPING = NO;
				DEFINES_MODULE = YES;
				DYLIB_COMPATIBILITY_VERSION = 1;
				DYLIB_CURRENT_VERSION = 1;
				DYLIB_INSTALL_NAME_BASE = "@rpath";
				INFOPLIST_FILE = SRCFoundation/Info.plist;
				INSTALL_PATH = "$(LOCAL_LIBRARY_DIR)/Frameworks";
				LD_RUNPATH_SEARCH_PATHS = (
					"$(inherited)",
					"@executable_path/Frameworks",
					"@loader_path/Frameworks",
				);
				MACH_O_TYPE = staticlib;
				OTHER_CFLAGS = "-fembed-bitcode";
				OTHER_LDFLAGS = "";
				PRODUCT_BUNDLE_IDENTIFIER = Src.SRCFoundation;
				PRODUCT_NAME = "$(TARGET_NAME:c99extidentifier)";
				SKIP_INSTALL = YES;
				TARGETED_DEVICE_FAMILY = "1,2";
			};
			name = Release;
		};
		3C56315F2137D5AC0069FEF4 /* Debug */ = {
			isa = XCBuildConfiguration;
			buildSettings = {
				CODE_SIGN_STYLE = Automatic;
				INFOPLIST_FILE = SRCFoundationTests/Info.plist;
				LD_RUNPATH_SEARCH_PATHS = (
					"$(inherited)",
					"@executable_path/Frameworks",
					"@loader_path/Frameworks",
				);
				PRODUCT_BUNDLE_IDENTIFIER = Src.SRCFoundationTests;
				PRODUCT_NAME = "$(TARGET_NAME)";
				TARGETED_DEVICE_FAMILY = "1,2";
			};
			name = Debug;
		};
		3C5631602137D5AC0069FEF4 /* Release */ = {
			isa = XCBuildConfiguration;
			buildSettings = {
				CODE_SIGN_STYLE = Automatic;
				INFOPLIST_FILE = SRCFoundationTests/Info.plist;
				LD_RUNPATH_SEARCH_PATHS = (
					"$(inherited)",
					"@executable_path/Frameworks",
					"@loader_path/Frameworks",
				);
				PRODUCT_BUNDLE_IDENTIFIER = Src.SRCFoundationTests;
				PRODUCT_NAME = "$(TARGET_NAME)";
				TARGETED_DEVICE_FAMILY = "1,2";
			};
			name = Release;
		};
		3C5631932137ECB60069FEF4 /* Debug */ = {
			isa = XCBuildConfiguration;
			buildSettings = {
				CODE_SIGN_STYLE = Automatic;
				OTHER_LDFLAGS = "";
				PRODUCT_NAME = "$(TARGET_NAME)";
			};
			name = Debug;
		};
		3C5631942137ECB60069FEF4 /* Release */ = {
			isa = XCBuildConfiguration;
			buildSettings = {
				CODE_SIGN_STYLE = Automatic;
				ONLY_ACTIVE_ARCH = YES;
				OTHER_LDFLAGS = "";
				PRODUCT_NAME = "$(TARGET_NAME)";
			};
			name = Release;
		};
/* End XCBuildConfiguration section */

/* Begin XCConfigurationList section */
		3C5631412137D5AC0069FEF4 /* Build configuration list for PBXProject "SRCFoundation" */ = {
			isa = XCConfigurationList;
			buildConfigurations = (
				3C5631592137D5AC0069FEF4 /* Debug */,
				3C56315A2137D5AC0069FEF4 /* Release */,
			);
			defaultConfigurationIsVisible = 0;
			defaultConfigurationName = Release;
		};
		3C56315B2137D5AC0069FEF4 /* Build configuration list for PBXNativeTarget "SRCFoundation" */ = {
			isa = XCConfigurationList;
			buildConfigurations = (
				3C56315C2137D5AC0069FEF4 /* Debug */,
				3C56315D2137D5AC0069FEF4 /* Release */,
			);
			defaultConfigurationIsVisible = 0;
			defaultConfigurationName = Release;
		};
		3C56315E2137D5AC0069FEF4 /* Build configuration list for PBXNativeTarget "SRCFoundationTests" */ = {
			isa = XCConfigurationList;
			buildConfigurations = (
				3C56315F2137D5AC0069FEF4 /* Debug */,
				3C5631602137D5AC0069FEF4 /* Release */,
			);
			defaultConfigurationIsVisible = 0;
			defaultConfigurationName = Release;
		};
		3C5631922137ECB60069FEF4 /* Build configuration list for PBXAggregateTarget "fwSRCFoundation" */ = {
			isa = XCConfigurationList;
			buildConfigurations = (
				3C5631932137ECB60069FEF4 /* Debug */,
				3C5631942137ECB60069FEF4 /* Release */,
			);
			defaultConfigurationIsVisible = 0;
			defaultConfigurationName = Release;
		};
/* End XCConfigurationList section */
	};
	rootObject = 3C56313E2137D5AC0069FEF4 /* Project object */;
}
